Microsoft Visual Studio Solution File, Format Version 12.00
# Visual Studio Version 16
VisualStudioVersion = 16.0.30002.166
MinimumVisualStudioVersion = 10.0.40219.1
Project("{FAE04EC0-301F-11D3-BF4B-00C04F79EFBC}") = "CustomNpcPortraits", "CustomNpcPortraits.csproj", "{18491D8D-C215-483F-A6A2-E521AB9F8DB5}"
EndProject
Global
	GlobalSection(SolutionConfigurationPlatforms) = preSolution
		Debug|Any CPU = Debug|Any CPU
		Release|Any CPU = Release|Any CPU
	EndGlobalSection
	GlobalSection(ProjectConfigurationPlatforms) = postSolution
		{18491D8D-C215-483F-A6A2-E521AB9F8DB5}.Debug|Any CPU.ActiveCfg = Debug|Any CPU
		{18491D8D-C215-483F-A6A2-E521AB9F8DB5}.Debug|Any CPU.Build.0 = Debug|Any CPU
		{18491D8D-C215-483F-A6A2-E521AB9F8DB5}.Release|Any CPU.ActiveCfg = Release|Any CPU
		{18491D8D-C215-483F-A6A2-E521AB9F8DB5}.Release|Any CPU.Build.0 = Release|Any CPU
	EndGlobalSection
	GlobalSection(SolutionProperties) = preSolution
		HideSolutionNode = FALSE
	EndGlobalSection
	GlobalSection(ExtensibilityGlobals) = postSolution
		BuildVersion_DetectChanges = False
		BuildVersion_UseGlobalSettings = False
		BuildVersion_StartDate = 2000/1/1
		SolutionGuid = {D4F5910B-8E5C-4294-A4A4-14DCF8C04218}
	EndGlobalSection
EndGlobal
